
Microsoft Visual Studio Solution File, Format Version 12.00
# Visual Studio Version 16
VisualStudioVersion = 16.0.29409.12
MinimumVisualStudioVersion = 10.0.40219.1
Project("{8BC9CEB8-8B4A-11D0-8D11-00A0C91BC942}") = "Game", "Game\Game.vcxproj", "{B9B7467E-CC38-4FF9-8A56-ACF5FDCC97D2}"
EndProject
Project("{8BC9CEB8-8B4A-11D0-8D11-00A0C91BC942}") = "Xj", "Xj\Xj.vcxproj", "{DF4322B9-1175-4F14-BE5D-56D9E3BEE456}"
EndProject

Global
	GlobalSection(SolutionConfigurationPlatforms) = preSolution
		Debug|x64 = Debug|x64
		Release|x64 = Release|x64
	EndGlobalSection
	GlobalSection(ProjectConfigurationPlatforms) = postSolution
		{DF4322B9-1175-4F14-BE5D-56D9E3BEE456}.Debug|x64.ActiveCfg = Debug|x64
		{DF4322B9-1175-4F14-BE5D-56D9E3BEE456}.Debug|x64.Build.0 = Debug|x64
		{DF4322B9-1175-4F14-BE5D-56D9E3BEE456}.Release|x64.ActiveCfg = Release|x64
		{DF4322B9-1175-4F14-BE5D-56D9E3BEE456}.Release|x64.Build.0 = Release|x64
		{B9B7467E-CC38-4FF9-8A56-ACF5FDCC97D2}.Debug|x64.ActiveCfg = Debug|x64
		{B9B7467E-CC38-4FF9-8A56-ACF5FDCC97D2}.Debug|x64.Build.0 = Debug|x64
		{B9B7467E-CC38-4FF9-8A56-ACF5FDCC97D2}.Release|x64.ActiveCfg = Release|x64
		{B9B7467E-CC38-4FF9-8A56-ACF5FDCC97D2}.Release|x64.Build.0 = Release|x64
	EndGlobalSection
	GlobalSection(SolutionProperties) = preSolution
		HideSolutionNode = FALSE
	EndGlobalSection
	GlobalSection(ExtensibilityGlobals) = postSolution
		SolutionGuid = {44BE5EEF-1300-49B5-BD93-21552271DD6F}
	EndGlobalSection
EndGlobal
